<?xml version="1.0" encoding="utf-8"?>
<Project ToolsVersion="4.0" xmlns="http://schemas.microsoft.com/developer/msbuild/2003">
  <ItemGroup>
    <Filter Include="assets">
      <UniqueIdentifier>{583885F2-44DA-AFC8-2D95-C31C19D63619}</UniqueIdentifier>
    </Filter>
    <Filter Include="assets\models">
      <UniqueIdentifier>{2B0B5C10-97CB-D746-6006-21C4CC851C23}</UniqueIdentifier>
    </Filter>
    <Filter Include="assets\shaders">
      <UniqueIdentifier>{51CD2FD9-3D9B-23DF-262F-9405129CFF43}</UniqueIdentifier>
    </Filter>
    <Filter Include="assets\textures">
      <UniqueIdentifier>{4B894D3B-B714-BBFF-C025-3EF42C301700}</UniqueIdentifier>
    </Filter>
    <Filter Include="src">
      <UniqueIdentifier>{2DAB880B-99B4-887C-2230-9F7C8E38947C}</UniqueIdentifier>
    </Filter>
    <Filter Include="src\PSIMAppLayer">
      <UniqueIdentifier>{53AC5ADA-3FA5-792C-68D7-5EB1542F5938}</UniqueIdentifier>
    </Filter>
  </ItemGroup>
  <ItemGroup>
    <ClInclude Include="src\PSIMAppLayer\PSIMAppLayer.h">
      <Filter>src\PSIMAppLayer</Filter>
    </ClInclude>
  </ItemGroup>
  <ItemGroup>
    <ClCompile Include="src\PSIMApp.cpp">
      <Filter>src</Filter>
    </ClCompile>
    <ClCompile Include="src\PSIMAppLayer\PSIMAppLayer.cpp">
      <Filter>src\PSIMAppLayer</Filter>
    </ClCompile>
  </ItemGroup>
  <ItemGroup>
    <None Include="..\assets\models\chalet.obj">
      <Filter>assets\models</Filter>
    </None>
    <None Include="..\assets\shaders\ImGuiFrag.spv">
      <Filter>assets\shaders</Filter>
    </None>
    <None Include="..\assets\shaders\ImGuiVert.spv">
      <Filter>assets\shaders</Filter>
    </None>
    <None Include="..\assets\shaders\TriangleShaderFrag.spv">
      <Filter>assets\shaders</Filter>
    </None>
    <None Include="..\assets\shaders\TriangleShaderVert.spv">
      <Filter>assets\shaders</Filter>
    </None>
  </ItemGroup>
  <ItemGroup>
    <Image Include="..\assets\textures\chalet.jpg">
      <Filter>assets\textures</Filter>
    </Image>
    <Image Include="..\assets\textures\texture.jpg">
      <Filter>assets\textures</Filter>
    </Image>
  </ItemGroup>
</Project>